{
	"requires": true,
	"lockfileVersion": 1,
	"dependencies": {
		"babel-helper-builder-react-jsx": {
			"version": "6.24.1",
			"resolved": "https://registry.npmjs.org/babel-helper-builder-react-jsx/-/babel-helper-builder-react-jsx-6.24.1.tgz",
			"integrity": "sha1-CteRfjPI11HmRtrKTnfMGTd9LLw=",
			"requires": {
				"babel-runtime": "6.25.0",
				"babel-types": "6.25.0",
				"esutils": "2.0.2"
			}
		},
		"babel-plugin-syntax-flow": {
			"version": "6.18.0",
			"resolved": "https://registry.npmjs.org/babel-plugin-syntax-flow/-/babel-plugin-syntax-flow-6.18.0.tgz",
			"integrity": "sha1-TDqyCiryaqIM0lmVw5jE63AxDI0="
		},
		"babel-plugin-syntax-jsx": {
			"version": "6.18.0",
			"resolved": "https://registry.npmjs.org/babel-plugin-syntax-jsx/-/babel-plugin-syntax-jsx-6.18.0.tgz",
			"integrity": "sha1-CvMqmm4Tyno/1QaeYtew9Y0NiUY="
		},
		"babel-plugin-transform-flow-strip-types": {
			"version": "6.22.0",
			"resolved": "https://registry.npmjs.org/babel-plugin-transform-flow-strip-types/-/babel-plugin-transform-flow-strip-types-6.22.0.tgz",
			"integrity": "sha1-hMtnKTXUNxT9wyvOhFaNh0Qc988=",
			"requires": {
				"babel-plugin-syntax-flow": "6.18.0",
				"babel-runtime": "6.25.0"
			}
		},
		"babel-plugin-transform-react-constant-elements": {
			"version": "6.9.1",
			"resolved": "https://registry.npmjs.org/babel-plugin-transform-react-constant-elements/-/babel-plugin-transform-react-constant-elements-6.9.1.tgz",
			"integrity": "sha1-EluG2WyzIuITm2B/10mtX7sX8AU=",
			"requires": {
				"babel-runtime": "6.25.0"
			}
		},
		"babel-plugin-transform-react-display-name": {
			"version": "6.25.0",
			"resolved": "https://registry.npmjs.org/babel-plugin-transform-react-display-name/-/babel-plugin-transform-react-display-name-6.25.0.tgz",
			"integrity": "sha1-Z+K/Hx6ck6sI25Z5LgU5K/LMKNE=",
			"requires": {
				"babel-runtime": "6.25.0"
			}
		},
		"babel-plugin-transform-react-inline-elements": {
			"version": "6.8.0",
			"resolved": "https://registry.npmjs.org/babel-plugin-transform-react-inline-elements/-/babel-plugin-transform-react-inline-elements-6.8.0.tgz",
			"integrity": "sha1-/C2P7B8vh+XElhrDZ2EAOfMlu+Y=",
			"requires": {
				"babel-runtime": "6.25.0"
			}
		},
		"babel-plugin-transform-react-jsx": {
			"version": "6.24.1",
			"resolved": "https://registry.npmjs.org/babel-plugin-transform-react-jsx/-/babel-plugin-transform-react-jsx-6.24.1.tgz",
			"integrity": "sha1-hAoCjn30YN/DotKfDA2R9jduZqM=",
			"requires": {
				"babel-helper-builder-react-jsx": "6.24.1",
				"babel-plugin-syntax-jsx": "6.18.0",
				"babel-runtime": "6.25.0"
			}
		},
		"babel-plugin-transform-react-jsx-self": {
			"version": "6.22.0",
			"resolved": "https://registry.npmjs.org/babel-plugin-transform-react-jsx-self/-/babel-plugin-transform-react-jsx-self-6.22.0.tgz",
			"integrity": "sha1-322AqdomEqEh5t3XVYvL7PBuY24=",
			"requires": {
				"babel-plugin-syntax-jsx": "6.18.0",
				"babel-runtime": "6.25.0"
			}
		},
		"babel-plugin-transform-react-jsx-source": {
			"version": "6.9.0",
			"resolved": "https://registry.npmjs.org/babel-plugin-transform-react-jsx-source/-/babel-plugin-transform-react-jsx-source-6.9.0.tgz",
			"integrity": "sha1-r2hKBcIGeobglX1PNDKVzPXczwA=",
			"requires": {
				"babel-plugin-syntax-jsx": "6.18.0",
				"babel-runtime": "6.25.0"
			}
		},
		"babel-plugin-transform-react-remove-prop-types": {
			"version": "0.2.10",
			"resolved": "https://registry.npmjs.org/babel-plugin-transform-react-remove-prop-types/-/babel-plugin-transform-react-remove-prop-types-0.2.10.tgz",
			"integrity": "sha1-7v0IMFfMyw+ahcsV86ZCJ9r2Rgk="
		},
		"babel-preset-react": {
			"version": "6.16.0",
			"resolved": "https://registry.npmjs.org/babel-preset-react/-/babel-preset-react-6.16.0.tgz",
			"integrity": "sha1-qhF9YN4JKGB+NDxIKJBuRmGCQxY=",
			"requires": {
				"babel-plugin-syntax-flow": "6.18.0",
				"babel-plugin-syntax-jsx": "6.18.0",
				"babel-plugin-transform-flow-strip-types": "6.22.0",
				"babel-plugin-transform-react-display-name": "6.25.0",
				"babel-plugin-transform-react-jsx": "6.24.1",
				"babel-plugin-transform-react-jsx-self": "6.22.0",
				"babel-plugin-transform-react-jsx-source": "6.9.0"
			}
		},
		"babel-runtime": {
			"version": "6.25.0",
			"resolved": "https://registry.npmjs.org/babel-runtime/-/babel-runtime-6.25.0.tgz",
			"integrity": "sha1-M7mOql1IK7AajRqmtDetKwGuxBw=",
			"requires": {
				"core-js": "2.5.0",
				"regenerator-runtime": "0.10.5"
			}
		},
		"babel-types": {
			"version": "6.25.0",
			"resolved": "https://registry.npmjs.org/babel-types/-/babel-types-6.25.0.tgz",
			"integrity": "sha1-cK+ySNVmDl0Y+BHZHIMDtUE0oY4=",
			"requires": {
				"babel-runtime": "6.25.0",
				"esutils": "2.0.2",
				"lodash": "4.17.4",
				"to-fast-properties": "1.0.3"
			}
		},
		"core-js": {
			"version": "2.5.0",
			"resolved": "https://registry.npmjs.org/core-js/-/core-js-2.5.0.tgz",
			"integrity": "sha1-VpwFCRi+ZIazg3VSAorgRmtxcIY="
		},
		"esutils": {
			"version": "2.0.2",
			"resolved": "https://registry.npmjs.org/esutils/-/esutils-2.0.2.tgz",
			"integrity": "sha1-Cr9PHKpbyx96nYrMbepPqqBLrJs="
		},
		"lodash": {
			"version": "4.17.4",
			"resolved": "https://registry.npmjs.org/lodash/-/lodash-4.17.4.tgz",
			"integrity": "sha1-eCA6TRwyiuHYbcpkYONptX9AVa4="
		},
		"regenerator-runtime": {
			"version": "0.10.5",
			"resolved": "https://registry.npmjs.org/regenerator-runtime/-/regenerator-runtime-0.10.5.tgz",
			"integrity": "sha1-M2w+/BIgrc7dosn6tntaeVWjNlg="
		},
		"to-fast-properties": {
			"version": "1.0.3",
			"resolved": "https://registry.npmjs.org/to-fast-properties/-/to-fast-properties-1.0.3.tgz",
			"integrity": "sha1-uDVx+k2MJbguIxsG46MFXeTKGkc="
		}
	}
}
