{
	"name": "babel-preset-kyt-react",
	"version": "1.0.0-alpha.0",
	"lockfileVersion": 1,
	"requires": true,
	"dependencies": {
		"@babel/helper-annotate-as-pure": {
			"version": "7.0.0",
			"resolved": "https://registry.npmjs.org/@babel/helper-annotate-as-pure/-/helper-annotate-as-pure-7.0.0.tgz",
			"integrity": "sha512-3UYcJUj9kvSLbLbUIfQTqzcy5VX7GRZ/CCDrnOaZorFFM01aXp1+GJwuFGV4NDDoAS+mOUyHcO6UD/RfqOks3Q==",
			"requires": {
				"@babel/types": "^7.0.0"
			}
		},
		"@babel/helper-builder-react-jsx": {
			"version": "7.0.0",
			"resolved": "https://registry.npmjs.org/@babel/helper-builder-react-jsx/-/helper-builder-react-jsx-7.0.0.tgz",
			"integrity": "sha512-ebJ2JM6NAKW0fQEqN8hOLxK84RbRz9OkUhGS/Xd5u56ejMfVbayJ4+LykERZCOUM6faa6Fp3SZNX3fcT16MKHw==",
			"requires": {
				"@babel/types": "^7.0.0",
				"esutils": "^2.0.0"
			}
		},
		"@babel/helper-plugin-utils": {
			"version": "7.0.0",
			"resolved": "https://registry.npmjs.org/@babel/helper-plugin-utils/-/helper-plugin-utils-7.0.0.tgz",
			"integrity": "sha512-CYAOUCARwExnEixLdB6sDm2dIJ/YgEAKDM1MOeMeZu9Ld/bDgVo8aiWrXwcY7OBh+1Ea2uUcVRcxKk0GJvW7QA=="
		},
		"@babel/plugin-syntax-jsx": {
			"version": "7.0.0",
			"resolved": "https://registry.npmjs.org/@babel/plugin-syntax-jsx/-/plugin-syntax-jsx-7.0.0.tgz",
			"integrity": "sha512-PdmL2AoPsCLWxhIr3kG2+F9v4WH06Q3z+NoGVpQgnUNGcagXHq5sB3OXxkSahKq9TLdNMN/AJzFYSOo8UKDMHg==",
			"requires": {
				"@babel/helper-plugin-utils": "^7.0.0"
			}
		},
		"@babel/plugin-transform-react-constant-elements": {
			"version": "7.2.0",
			"resolved": "https://registry.npmjs.org/@babel/plugin-transform-react-constant-elements/-/plugin-transform-react-constant-elements-7.2.0.tgz",
			"integrity": "sha512-YYQFg6giRFMsZPKUM9v+VcHOdfSQdz9jHCx3akAi3UYgyjndmdYGSXylQ/V+HswQt4fL8IklchD9HTsaOCrWQQ==",
			"requires": {
				"@babel/helper-annotate-as-pure": "^7.0.0",
				"@babel/helper-plugin-utils": "^7.0.0"
			}
		},
		"@babel/plugin-transform-react-display-name": {
			"version": "7.0.0",
			"resolved": "https://registry.npmjs.org/@babel/plugin-transform-react-display-name/-/plugin-transform-react-display-name-7.0.0.tgz",
			"integrity": "sha512-BX8xKuQTO0HzINxT6j/GiCwoJB0AOMs0HmLbEnAvcte8U8rSkNa/eSCAY+l1OA4JnCVq2jw2p6U8QQryy2fTPg==",
			"requires": {
				"@babel/helper-plugin-utils": "^7.0.0"
			}
		},
		"@babel/plugin-transform-react-inline-elements": {
			"version": "7.2.0",
			"resolved": "https://registry.npmjs.org/@babel/plugin-transform-react-inline-elements/-/plugin-transform-react-inline-elements-7.2.0.tgz",
			"integrity": "sha512-OAflI+josEl8xoAzZYpFnN+C4e9wvxDecExTtvDsteAcChIZtsH/D2kMNcJnrrzbFzCroGajCTr9tAB7K0KsiQ==",
			"requires": {
				"@babel/helper-builder-react-jsx": "^7.0.0",
				"@babel/helper-plugin-utils": "^7.0.0"
			}
		},
		"@babel/plugin-transform-react-jsx": {
			"version": "7.0.0",
			"resolved": "https://registry.npmjs.org/@babel/plugin-transform-react-jsx/-/plugin-transform-react-jsx-7.0.0.tgz",
			"integrity": "sha512-0TMP21hXsSUjIQJmu/r7RiVxeFrXRcMUigbKu0BLegJK9PkYodHstaszcig7zxXfaBji2LYUdtqIkHs+hgYkJQ==",
			"requires": {
				"@babel/helper-builder-react-jsx": "^7.0.0",
				"@babel/helper-plugin-utils": "^7.0.0",
				"@babel/plugin-syntax-jsx": "^7.0.0"
			}
		},
		"@babel/plugin-transform-react-jsx-self": {
			"version": "7.0.0",
			"resolved": "https://registry.npmjs.org/@babel/plugin-transform-react-jsx-self/-/plugin-transform-react-jsx-self-7.0.0.tgz",
			"integrity": "sha512-pymy+AK12WO4safW1HmBpwagUQRl9cevNX+82AIAtU1pIdugqcH+nuYP03Ja6B+N4gliAaKWAegIBL/ymALPHA==",
			"requires": {
				"@babel/helper-plugin-utils": "^7.0.0",
				"@babel/plugin-syntax-jsx": "^7.0.0"
			}
		},
		"@babel/plugin-transform-react-jsx-source": {
			"version": "7.2.0",
			"resolved": "https://registry.npmjs.org/@babel/plugin-transform-react-jsx-source/-/plugin-transform-react-jsx-source-7.2.0.tgz",
			"integrity": "sha512-A32OkKTp4i5U6aE88GwwcuV4HAprUgHcTq0sSafLxjr6AW0QahrCRCjxogkbbcdtpbXkuTOlgpjophCxb6sh5g==",
			"requires": {
				"@babel/helper-plugin-utils": "^7.0.0",
				"@babel/plugin-syntax-jsx": "^7.2.0"
			},
			"dependencies": {
				"@babel/plugin-syntax-jsx": {
					"version": "7.2.0",
					"resolved": "https://registry.npmjs.org/@babel/plugin-syntax-jsx/-/plugin-syntax-jsx-7.2.0.tgz",
					"integrity": "sha512-VyN4QANJkRW6lDBmENzRszvZf3/4AXaj9YR7GwrWeeN9tEBPuXbmDYVU9bYBN0D70zCWVwUy0HWq2553VCb6Hw==",
					"requires": {
						"@babel/helper-plugin-utils": "^7.0.0"
					}
				}
			}
		},
		"@babel/preset-react": {
			"version": "7.0.0",
			"resolved": "https://registry.npmjs.org/@babel/preset-react/-/preset-react-7.0.0.tgz",
			"integrity": "sha512-oayxyPS4Zj+hF6Et11BwuBkmpgT/zMxyuZgFrMeZID6Hdh3dGlk4sHCAhdBCpuCKW2ppBfl2uCCetlrUIJRY3w==",
			"requires": {
				"@babel/helper-plugin-utils": "^7.0.0",
				"@babel/plugin-transform-react-display-name": "^7.0.0",
				"@babel/plugin-transform-react-jsx": "^7.0.0",
				"@babel/plugin-transform-react-jsx-self": "^7.0.0",
				"@babel/plugin-transform-react-jsx-source": "^7.0.0"
			}
		},
		"@babel/types": {
			"version": "7.1.3",
			"resolved": "https://registry.npmjs.org/@babel/types/-/types-7.1.3.tgz",
			"integrity": "sha512-RpPOVfK+yatXyn8n4PB1NW6k9qjinrXrRR8ugBN8fD6hCy5RXI6PSbVqpOJBO9oSaY7Nom4ohj35feb0UR9hSA==",
			"requires": {
				"esutils": "^2.0.2",
				"lodash": "^4.17.10",
				"to-fast-properties": "^2.0.0"
			},
			"dependencies": {
				"lodash": {
					"version": "4.17.11",
					"resolved": "https://registry.npmjs.org/lodash/-/lodash-4.17.11.tgz",
					"integrity": "sha512-cQKh8igo5QUhZ7lg38DYWAxMvjSAKG0A8wGSVimP07SIUEK2UO+arSRKbRZWtelMtN5V0Hkwh5ryOto/SshYIg=="
				},
				"to-fast-properties": {
					"version": "2.0.0",
					"resolved": "https://registry.npmjs.org/to-fast-properties/-/to-fast-properties-2.0.0.tgz",
					"integrity": "sha1-3F5pjL0HkmW8c+A3doGk5Og/YW4="
				}
			}
		},
		"babel-plugin-transform-react-remove-prop-types": {
			"version": "0.4.21",
			"resolved": "https://registry.npmjs.org/babel-plugin-transform-react-remove-prop-types/-/babel-plugin-transform-react-remove-prop-types-0.4.21.tgz",
			"integrity": "sha512-+gQBtcnEhYFbMPFGr8YL7SHD4BpHifFDGEc+ES0+1iDwC9psist2+eumcLoHjBMumL7N/HI/G64XR5aQC8Nr5Q=="
		},
		"esutils": {
			"version": "2.0.2",
			"resolved": "https://registry.npmjs.org/esutils/-/esutils-2.0.2.tgz",
			"integrity": "sha1-Cr9PHKpbyx96nYrMbepPqqBLrJs="
		}
	}
}
