{
  "requires": true,
  "lockfileVersion": 1,
  "dependencies": {
    "express": {
      "version": "4.15.3",
      "resolved": "https://registry.npmjs.org/express/-/express-4.15.3.tgz",
      "integrity": "sha1-urZdDwOqgMNYQIly/HAPkWlEtmI=",
      "requires": {
        "accepts": "~1.3.3",
        "array-flatten": "1.1.1",
        "content-disposition": "0.5.2",
        "content-type": "~1.0.2",
        "cookie": "0.3.1",
        "cookie-signature": "1.0.6",
        "debug": "2.6.7",
        "depd": "~1.1.0",
        "encodeurl": "~1.0.1",
        "escape-html": "~1.0.3",
        "etag": "~1.8.0",
        "finalhandler": "~1.0.3",
        "fresh": "0.5.0",
        "merge-descriptors": "1.0.1",
        "methods": "~1.1.2",
        "on-finished": "~2.3.0",
        "parseurl": "~1.3.1",
        "path-to-regexp": "0.1.7",
        "proxy-addr": "~1.1.4",
        "qs": "6.4.0",
        "range-parser": "~1.2.0",
        "send": "0.15.3",
        "serve-static": "1.12.3",
        "setprototypeof": "1.0.3",
        "statuses": "~1.3.1",
        "type-is": "~1.6.15",
        "utils-merge": "1.0.0",
        "vary": "~1.1.1"
      },
      "dependencies": {
        "accepts": {
          "version": "1.3.5",
          "resolved": "https://registry.npmjs.org/accepts/-/accepts-1.3.5.tgz",
          "integrity": "sha1-63d99gEXI6OxTopywIBcjoZ0a9I=",
          "requires": {
            "mime-types": "~2.1.18",
            "negotiator": "0.6.1"
          }
        },
        "array-flatten": {
          "version": "1.1.1",
          "resolved": "https://registry.npmjs.org/array-flatten/-/array-flatten-1.1.1.tgz",
          "integrity": "sha1-ml9pkFGx5wczKPKgCJaLZOopVdI="
        },
        "content-disposition": {
          "version": "0.5.2",
          "resolved": "https://registry.npmjs.org/content-disposition/-/content-disposition-0.5.2.tgz",
          "integrity": "sha1-DPaLud318r55YcOoUXjLhdunjLQ="
        },
        "content-type": {
          "version": "1.0.4",
          "resolved": "https://registry.npmjs.org/content-type/-/content-type-1.0.4.tgz",
          "integrity": "sha512-hIP3EEPs8tB9AT1L+NUqtwOAps4mk2Zob89MWXMHjHWg9milF/j4osnnQLXBCBFBk/tvIG/tUc9mOUJiPBhPXA=="
        },
        "cookie": {
          "version": "0.3.1",
          "resolved": "https://registry.npmjs.org/cookie/-/cookie-0.3.1.tgz",
          "integrity": "sha1-5+Ch+e9DtMi6klxcWpboBtFoc7s="
        },
        "cookie-signature": {
          "version": "1.0.6",
          "resolved": "https://registry.npmjs.org/cookie-signature/-/cookie-signature-1.0.6.tgz",
          "integrity": "sha1-4wOogrNCzD7oylE6eZmXNNqzriw="
        },
        "debug": {
          "version": "2.6.7",
          "resolved": "https://registry.npmjs.org/debug/-/debug-2.6.7.tgz",
          "integrity": "sha1-krrR9tBbu2u6Isyoi80OyJTChh4=",
          "requires": {
            "ms": "2.0.0"
          }
        },
        "depd": {
          "version": "1.1.2",
          "resolved": "https://registry.npmjs.org/depd/-/depd-1.1.2.tgz",
          "integrity": "sha1-m81S4UwJd2PnSbJ0xDRu0uVgtak="
        },
        "destroy": {
          "version": "1.0.4",
          "resolved": "https://registry.npmjs.org/destroy/-/destroy-1.0.4.tgz",
          "integrity": "sha1-l4hXRCxEdJ5CBmE+N5RiBYJqvYA="
        },
        "ee-first": {
          "version": "1.1.1",
          "resolved": "https://registry.npmjs.org/ee-first/-/ee-first-1.1.1.tgz",
          "integrity": "sha1-WQxhFWsK4vTwJVcyoViyZrxWsh0="
        },
        "encodeurl": {
          "version": "1.0.2",
          "resolved": "https://registry.npmjs.org/encodeurl/-/encodeurl-1.0.2.tgz",
          "integrity": "sha1-rT/0yG7C0CkyL1oCw6mmBslbP1k="
        },
        "escape-html": {
          "version": "1.0.3",
          "resolved": "https://registry.npmjs.org/escape-html/-/escape-html-1.0.3.tgz",
          "integrity": "sha1-Aljq5NPQwJdN4cFpGI7wBR0dGYg="
        },
        "etag": {
          "version": "1.8.1",
          "resolved": "https://registry.npmjs.org/etag/-/etag-1.8.1.tgz",
          "integrity": "sha1-Qa4u62XvpiJorr/qg6x9eSmbCIc="
        },
        "finalhandler": {
          "version": "1.0.6",
          "resolved": "https://registry.npmjs.org/finalhandler/-/finalhandler-1.0.6.tgz",
          "integrity": "sha1-AHrqM9Gk0+QgF/YkhIrVjSEvgU8=",
          "requires": {
            "debug": "2.6.9",
            "encodeurl": "~1.0.1",
            "escape-html": "~1.0.3",
            "on-finished": "~2.3.0",
            "parseurl": "~1.3.2",
            "statuses": "~1.3.1",
            "unpipe": "~1.0.0"
          },
          "dependencies": {
            "debug": {
              "version": "2.6.9",
              "resolved": "https://registry.npmjs.org/debug/-/debug-2.6.9.tgz",
              "integrity": "sha512-bC7ElrdJaJnPbAP+1EotYvqZsb3ecl5wi6Bfi6BJTUcNowp6cvspg0jXznRTKDjm/E7AdgFBVeAPVMNcKGsHMA==",
              "requires": {
                "ms": "2.0.0"
              }
            }
          }
        },
        "forwarded": {
          "version": "0.1.2",
          "resolved": "https://registry.npmjs.org/forwarded/-/forwarded-0.1.2.tgz",
          "integrity": "sha1-mMI9qxF1ZXuMBXPozszZGw/xjIQ="
        },
        "fresh": {
          "version": "0.5.0",
          "resolved": "https://registry.npmjs.org/fresh/-/fresh-0.5.0.tgz",
          "integrity": "sha1-9HTKXmqSRtb9jglTz6m5yAWvp44="
        },
        "http-errors": {
          "version": "1.6.3",
          "resolved": "https://registry.npmjs.org/http-errors/-/http-errors-1.6.3.tgz",
          "integrity": "sha1-i1VoC7S+KDoLW/TqLjhYC+HZMg0=",
          "requires": {
            "depd": "~1.1.2",
            "inherits": "2.0.3",
            "setprototypeof": "1.1.0",
            "statuses": ">= 1.4.0 < 2"
          },
          "dependencies": {
            "setprototypeof": {
              "version": "1.1.0",
              "resolved": "https://registry.npmjs.org/setprototypeof/-/setprototypeof-1.1.0.tgz",
              "integrity": "sha512-BvE/TwpZX4FXExxOxZyRGQQv651MSwmWKZGqvmPcRIjDqWub67kTKuIMx43cZZrS/cBBzwBcNDWoFxt2XEFIpQ=="
            },
            "statuses": {
              "version": "1.5.0",
              "resolved": "https://registry.npmjs.org/statuses/-/statuses-1.5.0.tgz",
              "integrity": "sha1-Fhx9rBd2Wf2YEfQ3cfqZOBR4Yow="
            }
          }
        },
        "inherits": {
          "version": "2.0.3",
          "resolved": "https://registry.npmjs.org/inherits/-/inherits-2.0.3.tgz",
          "integrity": "sha1-Yzwsg+PaQqUC9SRmAiSA9CCCYd4="
        },
        "ipaddr.js": {
          "version": "1.4.0",
          "resolved": "https://registry.npmjs.org/ipaddr.js/-/ipaddr.js-1.4.0.tgz",
          "integrity": "sha1-KWrKh4qCGBbluF0KKFqZvP9FgvA="
        },
        "media-typer": {
          "version": "0.3.0",
          "resolved": "https://registry.npmjs.org/media-typer/-/media-typer-0.3.0.tgz",
          "integrity": "sha1-hxDXrwqmJvj/+hzgAWhUUmMlV0g="
        },
        "merge-descriptors": {
          "version": "1.0.1",
          "resolved": "https://registry.npmjs.org/merge-descriptors/-/merge-descriptors-1.0.1.tgz",
          "integrity": "sha1-sAqqVW3YtEVoFQ7J0blT8/kMu2E="
        },
        "methods": {
          "version": "1.1.2",
          "resolved": "https://registry.npmjs.org/methods/-/methods-1.1.2.tgz",
          "integrity": "sha1-VSmk1nZUE07cxSZmVoNbD4Ua/O4="
        },
        "mime": {
          "version": "1.3.4",
          "resolved": "https://registry.npmjs.org/mime/-/mime-1.3.4.tgz",
          "integrity": "sha1-EV+eO2s9rylZmDyzjxSaLUDrXVM="
        },
        "mime-db": {
          "version": "1.33.0",
          "resolved": "https://registry.npmjs.org/mime-db/-/mime-db-1.33.0.tgz",
          "integrity": "sha512-BHJ/EKruNIqJf/QahvxwQZXKygOQ256myeN/Ew+THcAa5q+PjyTTMMeNQC4DZw5AwfvelsUrA6B67NKMqXDbzQ=="
        },
        "mime-types": {
          "version": "2.1.18",
          "resolved": "https://registry.npmjs.org/mime-types/-/mime-types-2.1.18.tgz",
          "integrity": "sha512-lc/aahn+t4/SWV/qcmumYjymLsWfN3ELhpmVuUFjgsORruuZPVSwAQryq+HHGvO/SI2KVX26bx+En+zhM8g8hQ==",
          "requires": {
            "mime-db": "~1.33.0"
          }
        },
        "ms": {
          "version": "2.0.0",
          "resolved": "https://registry.npmjs.org/ms/-/ms-2.0.0.tgz",
          "integrity": "sha1-VgiurfwAvmwpAd9fmGF4jeDVl8g="
        },
        "negotiator": {
          "version": "0.6.1",
          "resolved": "https://registry.npmjs.org/negotiator/-/negotiator-0.6.1.tgz",
          "integrity": "sha1-KzJxhOiZIQEXeyhWP7XnECrNDKk="
        },
        "on-finished": {
          "version": "2.3.0",
          "resolved": "https://registry.npmjs.org/on-finished/-/on-finished-2.3.0.tgz",
          "integrity": "sha1-IPEzZIGwg811M3mSoWlxqi2QaUc=",
          "requires": {
            "ee-first": "1.1.1"
          }
        },
        "parseurl": {
          "version": "1.3.2",
          "resolved": "https://registry.npmjs.org/parseurl/-/parseurl-1.3.2.tgz",
          "integrity": "sha1-/CidTtiZMRlGDBViUyYs3I3mW/M="
        },
        "path-to-regexp": {
          "version": "0.1.7",
          "resolved": "https://registry.npmjs.org/path-to-regexp/-/path-to-regexp-0.1.7.tgz",
          "integrity": "sha1-32BBeABfUi8V60SQ5yR6G/qmf4w="
        },
        "proxy-addr": {
          "version": "1.1.5",
          "resolved": "https://registry.npmjs.org/proxy-addr/-/proxy-addr-1.1.5.tgz",
          "integrity": "sha1-ccDuOxAt4/IC87ZPYI0XP8uhqRg=",
          "requires": {
            "forwarded": "~0.1.0",
            "ipaddr.js": "1.4.0"
          }
        },
        "qs": {
          "version": "6.4.0",
          "resolved": "https://registry.npmjs.org/qs/-/qs-6.4.0.tgz",
          "integrity": "sha1-E+JtKK1rD/qpExLNO/cI7TUecjM="
        },
        "range-parser": {
          "version": "1.2.0",
          "resolved": "https://registry.npmjs.org/range-parser/-/range-parser-1.2.0.tgz",
          "integrity": "sha1-9JvmtIeJTdxA3MlKMi9hEJLgDV4="
        },
        "send": {
          "version": "0.15.3",
          "resolved": "https://registry.npmjs.org/send/-/send-0.15.3.tgz",
          "integrity": "sha1-UBP5+ZAj31DRvZiSwZ4979HVMwk=",
          "requires": {
            "debug": "2.6.7",
            "depd": "~1.1.0",
            "destroy": "~1.0.4",
            "encodeurl": "~1.0.1",
            "escape-html": "~1.0.3",
            "etag": "~1.8.0",
            "fresh": "0.5.0",
            "http-errors": "~1.6.1",
            "mime": "1.3.4",
            "ms": "2.0.0",
            "on-finished": "~2.3.0",
            "range-parser": "~1.2.0",
            "statuses": "~1.3.1"
          }
        },
        "serve-static": {
          "version": "1.12.3",
          "resolved": "https://registry.npmjs.org/serve-static/-/serve-static-1.12.3.tgz",
          "integrity": "sha1-n0uhni8wMMVH+K+ZEHg47DjVseI=",
          "requires": {
            "encodeurl": "~1.0.1",
            "escape-html": "~1.0.3",
            "parseurl": "~1.3.1",
            "send": "0.15.3"
          }
        },
        "setprototypeof": {
          "version": "1.0.3",
          "resolved": "https://registry.npmjs.org/setprototypeof/-/setprototypeof-1.0.3.tgz",
          "integrity": "sha1-ZlZ+NwQ+608E2RvWWMDL77VbjgQ="
        },
        "statuses": {
          "version": "1.3.1",
          "resolved": "https://registry.npmjs.org/statuses/-/statuses-1.3.1.tgz",
          "integrity": "sha1-+vUbnrdKrvOzrPStX2Gr8ky3uT4="
        },
        "type-is": {
          "version": "1.6.16",
          "resolved": "https://registry.npmjs.org/type-is/-/type-is-1.6.16.tgz",
          "integrity": "sha512-HRkVv/5qY2G6I8iab9cI7v1bOIdhm94dVjQCPFElW9W+3GeDOSHmy2EBYe4VTApuzolPcmgFTN3ftVJRKR2J9Q==",
          "requires": {
            "media-typer": "0.3.0",
            "mime-types": "~2.1.18"
          }
        },
        "unpipe": {
          "version": "1.0.0",
          "resolved": "https://registry.npmjs.org/unpipe/-/unpipe-1.0.0.tgz",
          "integrity": "sha1-sr9O6FFKrmFltIF4KdIbLvSZBOw="
        },
        "utils-merge": {
          "version": "1.0.0",
          "resolved": "https://registry.npmjs.org/utils-merge/-/utils-merge-1.0.0.tgz",
          "integrity": "sha1-ApT7kiu5N1FTVBxPcJYjHyh8ivg="
        },
        "vary": {
          "version": "1.1.2",
          "resolved": "https://registry.npmjs.org/vary/-/vary-1.1.2.tgz",
          "integrity": "sha1-IpnwLG3tMNSllhsLn3RSShj2NPw="
        }
      }
    },
    "react-hot-loader": {
      "version": "3.0.0-beta.6",
      "resolved": "http://registry.npmjs.org/react-hot-loader/-/react-hot-loader-3.0.0-beta.6.tgz",
      "integrity": "sha1-Rj+sC/yLY6g4UlivIMkWNqvOdfQ=",
      "requires": {
        "babel-template": "^6.7.0",
        "global": "^4.3.0",
        "react-deep-force-update": "^2.0.1",
        "react-proxy": "^3.0.0-alpha.0",
        "redbox-react": "^1.2.5",
        "source-map": "^0.4.4"
      },
      "dependencies": {
        "amdefine": {
          "version": "1.0.1",
          "resolved": "https://registry.npmjs.org/amdefine/-/amdefine-1.0.1.tgz",
          "integrity": "sha1-SlKCrBZHKek2Gbz9OtFR+BfOkfU="
        },
        "ansi-regex": {
          "version": "2.1.1",
          "resolved": "https://registry.npmjs.org/ansi-regex/-/ansi-regex-2.1.1.tgz",
          "integrity": "sha1-w7M6te42DYbg5ijwRorn7yfWVN8="
        },
        "ansi-styles": {
          "version": "2.2.1",
          "resolved": "https://registry.npmjs.org/ansi-styles/-/ansi-styles-2.2.1.tgz",
          "integrity": "sha1-tDLdM1i2NM914eRmQ2gkBTPB3b4="
        },
        "babel-code-frame": {
          "version": "6.26.0",
          "resolved": "https://registry.npmjs.org/babel-code-frame/-/babel-code-frame-6.26.0.tgz",
          "integrity": "sha1-Y/1D99weO7fONZR9uP42mj9Yx0s=",
          "requires": {
            "chalk": "^1.1.3",
            "esutils": "^2.0.2",
            "js-tokens": "^3.0.2"
          }
        },
        "babel-messages": {
          "version": "6.23.0",
          "resolved": "https://registry.npmjs.org/babel-messages/-/babel-messages-6.23.0.tgz",
          "integrity": "sha1-8830cDhYA1sqKVHG7F7fbGLyYw4=",
          "requires": {
            "babel-runtime": "^6.22.0"
          }
        },
        "babel-runtime": {
          "version": "6.26.0",
          "resolved": "https://registry.npmjs.org/babel-runtime/-/babel-runtime-6.26.0.tgz",
          "integrity": "sha1-llxwWGaOgrVde/4E/yM3vItWR/4=",
          "requires": {
            "core-js": "^2.4.0",
            "regenerator-runtime": "^0.11.0"
          }
        },
        "babel-template": {
          "version": "6.26.0",
          "resolved": "https://registry.npmjs.org/babel-template/-/babel-template-6.26.0.tgz",
          "integrity": "sha1-3gPi0WOWsGn0bdn/+FIfsaDjXgI=",
          "requires": {
            "babel-runtime": "^6.26.0",
            "babel-traverse": "^6.26.0",
            "babel-types": "^6.26.0",
            "babylon": "^6.18.0",
            "lodash": "^4.17.4"
          }
        },
        "babel-traverse": {
          "version": "6.26.0",
          "resolved": "https://registry.npmjs.org/babel-traverse/-/babel-traverse-6.26.0.tgz",
          "integrity": "sha1-RqnL1+3MYsjlwGTi0tjQ9ANXZu4=",
          "requires": {
            "babel-code-frame": "^6.26.0",
            "babel-messages": "^6.23.0",
            "babel-runtime": "^6.26.0",
            "babel-types": "^6.26.0",
            "babylon": "^6.18.0",
            "debug": "^2.6.8",
            "globals": "^9.18.0",
            "invariant": "^2.2.2",
            "lodash": "^4.17.4"
          }
        },
        "babel-types": {
          "version": "6.26.0",
          "resolved": "https://registry.npmjs.org/babel-types/-/babel-types-6.26.0.tgz",
          "integrity": "sha1-o7Bz+Uq0nrb6Vc1lInozQ4BjJJc=",
          "requires": {
            "babel-runtime": "^6.26.0",
            "esutils": "^2.0.2",
            "lodash": "^4.17.4",
            "to-fast-properties": "^1.0.3"
          }
        },
        "babylon": {
          "version": "6.18.0",
          "resolved": "https://registry.npmjs.org/babylon/-/babylon-6.18.0.tgz",
          "integrity": "sha512-q/UEjfGJ2Cm3oKV71DJz9d25TPnq5rhBVL2Q4fA5wcC3jcrdn7+SssEybFIxwAvvP+YCsCYNKughoF33GxgycQ=="
        },
        "chalk": {
          "version": "1.1.3",
          "resolved": "http://registry.npmjs.org/chalk/-/chalk-1.1.3.tgz",
          "integrity": "sha1-qBFcVeSnAv5NFQq9OHKCKn4J/Jg=",
          "requires": {
            "ansi-styles": "^2.2.1",
            "escape-string-regexp": "^1.0.2",
            "has-ansi": "^2.0.0",
            "strip-ansi": "^3.0.0",
            "supports-color": "^2.0.0"
          }
        },
        "core-js": {
          "version": "2.5.7",
          "resolved": "https://registry.npmjs.org/core-js/-/core-js-2.5.7.tgz",
          "integrity": "sha512-RszJCAxg/PP6uzXVXL6BsxSXx/B05oJAQ2vkJRjyjrEcNVycaqOmNb5OTxZPE3xa5gwZduqza6L9JOCenh/Ecw=="
        },
        "debug": {
          "version": "2.6.9",
          "resolved": "https://registry.npmjs.org/debug/-/debug-2.6.9.tgz",
          "integrity": "sha512-bC7ElrdJaJnPbAP+1EotYvqZsb3ecl5wi6Bfi6BJTUcNowp6cvspg0jXznRTKDjm/E7AdgFBVeAPVMNcKGsHMA==",
          "requires": {
            "ms": "2.0.0"
          }
        },
        "dom-walk": {
          "version": "0.1.1",
          "resolved": "https://registry.npmjs.org/dom-walk/-/dom-walk-0.1.1.tgz",
          "integrity": "sha1-ZyIm3HTI95mtNTB9+TaroRrNYBg="
        },
        "error-stack-parser": {
          "version": "1.3.6",
          "resolved": "https://registry.npmjs.org/error-stack-parser/-/error-stack-parser-1.3.6.tgz",
          "integrity": "sha1-4Oc7k+QXE40c18C3RrGkoUhUwpI=",
          "requires": {
            "stackframe": "^0.3.1"
          }
        },
        "escape-string-regexp": {
          "version": "1.0.5",
          "resolved": "https://registry.npmjs.org/escape-string-regexp/-/escape-string-regexp-1.0.5.tgz",
          "integrity": "sha1-G2HAViGQqN/2rjuyzwIAyhMLhtQ="
        },
        "esutils": {
          "version": "2.0.2",
          "resolved": "https://registry.npmjs.org/esutils/-/esutils-2.0.2.tgz",
          "integrity": "sha1-Cr9PHKpbyx96nYrMbepPqqBLrJs="
        },
        "global": {
          "version": "4.3.2",
          "resolved": "https://registry.npmjs.org/global/-/global-4.3.2.tgz",
          "integrity": "sha1-52mJJopsdMOJCLEwWxD8DjlOnQ8=",
          "requires": {
            "min-document": "^2.19.0",
            "process": "~0.5.1"
          }
        },
        "globals": {
          "version": "9.18.0",
          "resolved": "https://registry.npmjs.org/globals/-/globals-9.18.0.tgz",
          "integrity": "sha512-S0nG3CLEQiY/ILxqtztTWH/3iRRdyBLw6KMDxnKMchrtbj2OFmehVh0WUCfW3DUrIgx/qFrJPICrq4Z4sTR9UQ=="
        },
        "has-ansi": {
          "version": "2.0.0",
          "resolved": "https://registry.npmjs.org/has-ansi/-/has-ansi-2.0.0.tgz",
          "integrity": "sha1-NPUEnOHs3ysGSa8+8k5F7TVBbZE=",
          "requires": {
            "ansi-regex": "^2.0.0"
          }
        },
        "invariant": {
          "version": "2.2.4",
          "resolved": "https://registry.npmjs.org/invariant/-/invariant-2.2.4.tgz",
          "integrity": "sha512-phJfQVBuaJM5raOpJjSfkiD6BpbCE4Ns//LaXl6wGYtUBY83nWS6Rf9tXm2e8VaK60JEjYldbPif/A2B1C2gNA==",
          "requires": {
            "loose-envify": "^1.0.0"
          }
        },
        "js-tokens": {
          "version": "3.0.2",
          "resolved": "https://registry.npmjs.org/js-tokens/-/js-tokens-3.0.2.tgz",
          "integrity": "sha1-mGbfOVECEw449/mWvOtlRDIJwls="
        },
        "lodash": {
          "version": "4.17.11",
          "resolved": "https://registry.npmjs.org/lodash/-/lodash-4.17.11.tgz",
          "integrity": "sha512-cQKh8igo5QUhZ7lg38DYWAxMvjSAKG0A8wGSVimP07SIUEK2UO+arSRKbRZWtelMtN5V0Hkwh5ryOto/SshYIg=="
        },
        "loose-envify": {
          "version": "1.4.0",
          "resolved": "https://registry.npmjs.org/loose-envify/-/loose-envify-1.4.0.tgz",
          "integrity": "sha512-lyuxPGr/Wfhrlem2CL/UcnUc1zcqKAImBDzukY7Y5F/yQiNdko6+fRLevlw1HgMySw7f611UIY408EtxRSoK3Q==",
          "requires": {
            "js-tokens": "^3.0.0 || ^4.0.0"
          }
        },
        "min-document": {
          "version": "2.19.0",
          "resolved": "https://registry.npmjs.org/min-document/-/min-document-2.19.0.tgz",
          "integrity": "sha1-e9KC4/WELtKVu3SM3Z8f+iyCRoU=",
          "requires": {
            "dom-walk": "^0.1.0"
          }
        },
        "ms": {
          "version": "2.0.0",
          "resolved": "https://registry.npmjs.org/ms/-/ms-2.0.0.tgz",
          "integrity": "sha1-VgiurfwAvmwpAd9fmGF4jeDVl8g="
        },
        "object-assign": {
          "version": "4.1.1",
          "resolved": "https://registry.npmjs.org/object-assign/-/object-assign-4.1.1.tgz",
          "integrity": "sha1-IQmtx5ZYh8/AXLvUQsrIv7s2CGM="
        },
        "process": {
          "version": "0.5.2",
          "resolved": "https://registry.npmjs.org/process/-/process-0.5.2.tgz",
          "integrity": "sha1-FjjYqONML0QKkduVq5rrZ3/Bhc8="
        },
        "prop-types": {
          "version": "15.6.2",
          "resolved": "https://registry.npmjs.org/prop-types/-/prop-types-15.6.2.tgz",
          "integrity": "sha512-3pboPvLiWD7dkI3qf3KbUe6hKFKa52w+AE0VCqECtf+QHAKgOL37tTaNCnuX1nAAQ4ZhyP+kYVKf8rLmJ/feDQ==",
          "requires": {
            "loose-envify": "^1.3.1",
            "object-assign": "^4.1.1"
          }
        },
        "react-deep-force-update": {
          "version": "2.1.3",
          "resolved": "https://registry.npmjs.org/react-deep-force-update/-/react-deep-force-update-2.1.3.tgz",
          "integrity": "sha512-lqD4eHKVuB65RyO/hGbEST53E2/GPbcIPcFYyeW/p4vNngtH4G7jnKGlU6u1OqrFo0uNfIvwuBOg98IbLHlNEA=="
        },
        "react-proxy": {
          "version": "3.0.0-alpha.1",
          "resolved": "https://registry.npmjs.org/react-proxy/-/react-proxy-3.0.0-alpha.1.tgz",
          "integrity": "sha1-RABCa8+oDKpnJMd1VpUxUgn6Swc=",
          "requires": {
            "lodash": "^4.6.1"
          }
        },
        "redbox-react": {
          "version": "1.6.0",
          "resolved": "https://registry.npmjs.org/redbox-react/-/redbox-react-1.6.0.tgz",
          "integrity": "sha512-mLjM5eYR41yOp5YKHpd3syFeGq6B4Wj5vZr64nbLvTZW5ZLff4LYk7VE4ITpVxkZpCY6OZuqh0HiP3A3uEaCpg==",
          "requires": {
            "error-stack-parser": "^1.3.6",
            "object-assign": "^4.0.1",
            "prop-types": "^15.5.4",
            "sourcemapped-stacktrace": "^1.1.6"
          }
        },
        "regenerator-runtime": {
          "version": "0.11.1",
          "resolved": "https://registry.npmjs.org/regenerator-runtime/-/regenerator-runtime-0.11.1.tgz",
          "integrity": "sha512-MguG95oij0fC3QV3URf4V2SDYGJhJnJGqvIIgdECeODCT98wSWDAJ94SSuVpYQUoTcGUIL6L4yNB7j1DFFHSBg=="
        },
        "source-map": {
          "version": "0.4.4",
          "resolved": "https://registry.npmjs.org/source-map/-/source-map-0.4.4.tgz",
          "integrity": "sha1-66T12pwNyZneaAMti092FzZSA2s=",
          "requires": {
            "amdefine": ">=0.0.4"
          }
        },
        "sourcemapped-stacktrace": {
          "version": "1.1.9",
          "resolved": "https://registry.npmjs.org/sourcemapped-stacktrace/-/sourcemapped-stacktrace-1.1.9.tgz",
          "integrity": "sha512-N6SLOT+9OQZdoSpu1PkSjyrxx/B2SGom9LuxjbwZFNNz7+FpMEUpwb3JV+UpaxWvoGM/8k7guuOJxcB6BWEU9Q==",
          "requires": {
            "source-map": "0.5.6"
          },
          "dependencies": {
            "source-map": {
              "version": "0.5.6",
              "resolved": "https://registry.npmjs.org/source-map/-/source-map-0.5.6.tgz",
              "integrity": "sha1-dc449SvwczxafwwRjYEzSiu19BI="
            }
          }
        },
        "stackframe": {
          "version": "0.3.1",
          "resolved": "https://registry.npmjs.org/stackframe/-/stackframe-0.3.1.tgz",
          "integrity": "sha1-M6qE8Rd6VUjIk1Uzy/6zQgl19aQ="
        },
        "strip-ansi": {
          "version": "3.0.1",
          "resolved": "http://registry.npmjs.org/strip-ansi/-/strip-ansi-3.0.1.tgz",
          "integrity": "sha1-ajhfuIU9lS1f8F0Oiq+UJ43GPc8=",
          "requires": {
            "ansi-regex": "^2.0.0"
          }
        },
        "supports-color": {
          "version": "2.0.0",
          "resolved": "https://registry.npmjs.org/supports-color/-/supports-color-2.0.0.tgz",
          "integrity": "sha1-U10EXOa2Nj+kARcIRimZXp3zJMc="
        },
        "to-fast-properties": {
          "version": "1.0.3",
          "resolved": "https://registry.npmjs.org/to-fast-properties/-/to-fast-properties-1.0.3.tgz",
          "integrity": "sha1-uDVx+k2MJbguIxsG46MFXeTKGkc="
        }
      }
    }
  }
}
