{
	"name": "kyt-starter-server-src",
	"version": "1.0.0-beta.27",
	"lockfileVersion": 1,
	"requires": true,
	"dependencies": {
		"eslint-config-kyt": {
			"version": "1.0.0-alpha.4",
			"resolved": "https://registry.npmjs.org/eslint-config-kyt/-/eslint-config-kyt-1.0.0-alpha.4.tgz",
			"integrity": "sha512-EUOLHKoKDQQCllIw4YK76aonfeWs2QXJ8Sf6U8LTE1yZPnT2+oY+vPV+VOgvQPOu5wsMrTqX89zbGopvBzicxw==",
			"dev": true
		}
	}
}
